// !$*UTF8*$!
{
	archiveVersion = 1;
	classes = {
	};
	objectVersion = 56;
	objects = {

/* Begin PBXBuildFile section */
		DF293B122CD2A8A300C9DC8A /* AppDelegate.swift in Sources */ = {isa = PBXBuildFile; fileRef = DF293B112CD2A8A300C9DC8A /* AppDelegate.swift */; };
		DF293B142CD2A8A300C9DC8A /* SceneDelegate.swift in Sources */ = {isa = PBXBuildFile; fileRef = DF293B132CD2A8A300C9DC8A /* SceneDelegate.swift */; };
		DF293B1B2CD2A8A600C9DC8A /* Assets.xcassets in Resources */ = {isa = PBXBuildFile; fileRef = DF293B1A2CD2A8A600C9DC8A /* Assets.xcassets */; };
		DF293B1E2CD2A8A600C9DC8A /* Base in Resources */ = {isa = PBXBuildFile; fileRef = DF293B1D2CD2A8A600C9DC8A /* Base */; };
		DF293B262CD2AF0400C9DC8A /* SearchVC.swift in Sources */ = {isa = PBXBuildFile; fileRef = DF293B252CD2AF0400C9DC8A /* SearchVC.swift */; };
		DF293B282CD2AF3B00C9DC8A /* FavouritesListVC.swift in Sources */ = {isa = PBXBuildFile; fileRef = DF293B272CD2AF3B00C9DC8A /* FavouritesListVC.swift */; };
		DF293B2A2CD2B32800C9DC8A /* GFButton.swift in Sources */ = {isa = PBXBuildFile; fileRef = DF293B292CD2B32800C9DC8A /* GFButton.swift */; };
		DF293B2C2CD2B52C00C9DC8A /* GFTextField.swift in Sources */ = {isa = PBXBuildFile; fileRef = DF293B2B2CD2B52C00C9DC8A /* GFTextField.swift */; };
		DF293B2E2CD2C20000C9DC8A /* FollowerLIstVC.swift in Sources */ = {isa = PBXBuildFile; fileRef = DF293B2D2CD2C20000C9DC8A /* FollowerLIstVC.swift */; };
		DF293B302CD2CBB500C9DC8A /* GFTitleLabel.swift in Sources */ = {isa = PBXBuildFile; fileRef = DF293B2F2CD2CBB500C9DC8A /* GFTitleLabel.swift */; };
		DF293B322CD2CCD400C9DC8A /* GFBodyLabel.swift in Sources */ = {isa = PBXBuildFile; fileRef = DF293B312CD2CCD400C9DC8A /* GFBodyLabel.swift */; };
		DF293B342CD2D39800C9DC8A /* GFAlertVC.swift in Sources */ = {isa = PBXBuildFile; fileRef = DF293B332CD2D39800C9DC8A /* GFAlertVC.swift */; };
		DF293B362CD2D84300C9DC8A /* UIViewController+Ext.swift in Sources */ = {isa = PBXBuildFile; fileRef = DF293B352CD2D84300C9DC8A /* UIViewController+Ext.swift */; };
		DF293B3D2CD2DCC700C9DC8A /* Follower.swift in Sources */ = {isa = PBXBuildFile; fileRef = DF293B3C2CD2DCC700C9DC8A /* Follower.swift */; };
		DF293B3F2CD2DD4100C9DC8A /* User.swift in Sources */ = {isa = PBXBuildFile; fileRef = DF293B3E2CD2DD4100C9DC8A /* User.swift */; };
		DF293B422CD2E58800C9DC8A /* NetworkManager.swift in Sources */ = {isa = PBXBuildFile; fileRef = DF293B412CD2E58800C9DC8A /* NetworkManager.swift */; };
		DF293B452CD40B8F00C9DC8A /* ErrorMessage.swift in Sources */ = {isa = PBXBuildFile; fileRef = DF293B442CD40B8F00C9DC8A /* ErrorMessage.swift */; };
		DF293B692CD427A200C9DC8A /* FollowerCell.swift in Sources */ = {isa = PBXBuildFile; fileRef = DF293B682CD427A200C9DC8A /* FollowerCell.swift */; };
		DF293B6B2CD4280A00C9DC8A /* GFAvatarImageView.swift in Sources */ = {isa = PBXBuildFile; fileRef = DF293B6A2CD4280A00C9DC8A /* GFAvatarImageView.swift */; };
/* End PBXBuildFile section */

/* Begin PBXFileReference section */
		DF293B0E2CD2A8A300C9DC8A /* GHFollowers.app */ = {isa = PBXFileReference; explicitFileType = wrapper.application; includeInIndex = 0; path = GHFollowers.app; sourceTree = BUILT_PRODUCTS_DIR; };
		DF293B112CD2A8A300C9DC8A /* AppDelegate.swift */ = {isa = PBXFileReference; lastKnownFileType = sourcecode.swift; path = AppDelegate.swift; sourceTree = "<group>"; };
		DF293B132CD2A8A300C9DC8A /* SceneDelegate.swift */ = {isa = PBXFileReference; lastKnownFileType = sourcecode.swift; path = SceneDelegate.swift; sourceTree = "<group>"; };
		DF293B1A2CD2A8A600C9DC8A /* Assets.xcassets */ = {isa = PBXFileReference; lastKnownFileType = folder.assetcatalog; path = Assets.xcassets; sourceTree = "<group>"; };
		DF293B1D2CD2A8A600C9DC8A /* Base */ = {isa = PBXFileReference; lastKnownFileType = file.storyboard; name = Base; path = Base.lproj/LaunchScreen.storyboard; sourceTree = "<group>"; };
		DF293B1F2CD2A8A600C9DC8A /* Info.plist */ = {isa = PBXFileReference; lastKnownFileType = text.plist.xml; path = Info.plist; sourceTree = "<group>"; };
		DF293B252CD2AF0400C9DC8A /* SearchVC.swift */ = {isa = PBXFileReference; lastKnownFileType = sourcecode.swift; path = SearchVC.swift; sourceTree = "<group>"; };
		DF293B272CD2AF3B00C9DC8A /* FavouritesListVC.swift */ = {isa = PBXFileReference; lastKnownFileType = sourcecode.swift; path = FavouritesListVC.swift; sourceTree = "<group>"; };
		DF293B292CD2B32800C9DC8A /* GFButton.swift */ = {isa = PBXFileReference; lastKnownFileType = sourcecode.swift; path = GFButton.swift; sourceTree = "<group>"; };
		DF293B2B2CD2B52C00C9DC8A /* GFTextField.swift */ = {isa = PBXFileReference; lastKnownFileType = sourcecode.swift; path = GFTextField.swift; sourceTree = "<group>"; };
		DF293B2D2CD2C20000C9DC8A /* FollowerLIstVC.swift */ = {isa = PBXFileReference; lastKnownFileType = sourcecode.swift; path = FollowerLIstVC.swift; sourceTree = "<group>"; };
		DF293B2F2CD2CBB500C9DC8A /* GFTitleLabel.swift */ = {isa = PBXFileReference; lastKnownFileType = sourcecode.swift; path = GFTitleLabel.swift; sourceTree = "<group>"; };
		DF293B312CD2CCD400C9DC8A /* GFBodyLabel.swift */ = {isa = PBXFileReference; lastKnownFileType = sourcecode.swift; path = GFBodyLabel.swift; sourceTree = "<group>"; };
		DF293B332CD2D39800C9DC8A /* GFAlertVC.swift */ = {isa = PBXFileReference; lastKnownFileType = sourcecode.swift; path = GFAlertVC.swift; sourceTree = "<group>"; };
		DF293B352CD2D84300C9DC8A /* UIViewController+Ext.swift */ = {isa = PBXFileReference; lastKnownFileType = sourcecode.swift; path = "UIViewController+Ext.swift"; sourceTree = "<group>"; };
		DF293B3C2CD2DCC700C9DC8A /* Follower.swift */ = {isa = PBXFileReference; lastKnownFileType = sourcecode.swift; path = Follower.swift; sourceTree = "<group>"; };
		DF293B3E2CD2DD4100C9DC8A /* User.swift */ = {isa = PBXFileReference; lastKnownFileType = sourcecode.swift; path = User.swift; sourceTree = "<group>"; };
		DF293B412CD2E58800C9DC8A /* NetworkManager.swift */ = {isa = PBXFileReference; lastKnownFileType = sourcecode.swift; path = NetworkManager.swift; sourceTree = "<group>"; };
		DF293B442CD40B8F00C9DC8A /* ErrorMessage.swift */ = {isa = PBXFileReference; lastKnownFileType = sourcecode.swift; path = ErrorMessage.swift; sourceTree = "<group>"; };
		DF293B682CD427A200C9DC8A /* FollowerCell.swift */ = {isa = PBXFileReference; lastKnownFileType = sourcecode.swift; path = FollowerCell.swift; sourceTree = "<group>"; };
		DF293B6A2CD4280A00C9DC8A /* GFAvatarImageView.swift */ = {isa = PBXFileReference; lastKnownFileType = sourcecode.swift; name = GFAvatarImageView.swift; path = GHFollowers/Views/GFAvatarImageView.swift; sourceTree = SOURCE_ROOT; };
/* End PBXFileReference section */

/* Begin PBXFrameworksBuildPhase section */
		DF293B0B2CD2A8A300C9DC8A /* Frameworks */ = {
			isa = PBXFrameworksBuildPhase;
			buildActionMask = 2147483647;
			files = (
			);
			runOnlyForDeploymentPostprocessing = 0;
		};
/* End PBXFrameworksBuildPhase section */

/* Begin PBXGroup section */
		DF293B052CD2A8A300C9DC8A = {
			isa = PBXGroup;
			children = (
				DF293B102CD2A8A300C9DC8A /* GHFollowers */,
				DF293B0F2CD2A8A300C9DC8A /* Products */,
			);
			sourceTree = "<group>";
		};
		DF293B0F2CD2A8A300C9DC8A /* Products */ = {
			isa = PBXGroup;
			children = (
				DF293B0E2CD2A8A300C9DC8A /* GHFollowers.app */,
			);
			name = Products;
			sourceTree = "<group>";
		};
		DF293B102CD2A8A300C9DC8A /* GHFollowers */ = {
			isa = PBXGroup;
			children = (
				DF293B432CD40B4800C9DC8A /* Utilities */,
				DF293B402CD2E57400C9DC8A /* Managers */,
				DF293B1F2CD2A8A600C9DC8A /* Info.plist */,
				DF293B3B2CD2DCB700C9DC8A /* Model */,
				DF293B392CD2DA2900C9DC8A /* Extensions */,
				DF293B382CD2DA0B00C9DC8A /* Views */,
				DF293B372CD2D9CF00C9DC8A /* ViewControllers */,
				DF293B3A2CD2DA7300C9DC8A /* Support */,
			);
			path = GHFollowers;
			sourceTree = "<group>";
		};
		DF293B372CD2D9CF00C9DC8A /* ViewControllers */ = {
			isa = PBXGroup;
			children = (
				DF293B252CD2AF0400C9DC8A /* SearchVC.swift */,
				DF293B2D2CD2C20000C9DC8A /* FollowerLIstVC.swift */,
				DF293B272CD2AF3B00C9DC8A /* FavouritesListVC.swift */,
			);
			path = ViewControllers;
			sourceTree = "<group>";
		};
		DF293B382CD2DA0B00C9DC8A /* Views */ = {
			isa = PBXGroup;
			children = (
				DF293B672CD4278400C9DC8A /* Cells */,
				DF293B292CD2B32800C9DC8A /* GFButton.swift */,
				DF293B2B2CD2B52C00C9DC8A /* GFTextField.swift */,
				DF293B2F2CD2CBB500C9DC8A /* GFTitleLabel.swift */,
				DF293B312CD2CCD400C9DC8A /* GFBodyLabel.swift */,
				DF293B332CD2D39800C9DC8A /* GFAlertVC.swift */,
				DF293B6A2CD4280A00C9DC8A /* GFAvatarImageView.swift */,
			);
			path = Views;
			sourceTree = "<group>";
		};
		DF293B392CD2DA2900C9DC8A /* Extensions */ = {
			isa = PBXGroup;
			children = (
				DF293B352CD2D84300C9DC8A /* UIViewController+Ext.swift */,
			);
			path = Extensions;
			sourceTree = "<group>";
		};
		DF293B3A2CD2DA7300C9DC8A /* Support */ = {
			isa = PBXGroup;
			children = (
				DF293B112CD2A8A300C9DC8A /* AppDelegate.swift */,
				DF293B132CD2A8A300C9DC8A /* SceneDelegate.swift */,
				DF293B1A2CD2A8A600C9DC8A /* Assets.xcassets */,
				DF293B1C2CD2A8A600C9DC8A /* LaunchScreen.storyboard */,
			);
			path = Support;
			sourceTree = "<group>";
		};
		DF293B3B2CD2DCB700C9DC8A /* Model */ = {
			isa = PBXGroup;
			children = (
				DF293B3C2CD2DCC700C9DC8A /* Follower.swift */,
				DF293B3E2CD2DD4100C9DC8A /* User.swift */,
			);
			path = Model;
			sourceTree = "<group>";
		};
		DF293B402CD2E57400C9DC8A /* Managers */ = {
			isa = PBXGroup;
			children = (
				DF293B412CD2E58800C9DC8A /* NetworkManager.swift */,
			);
			path = Managers;
			sourceTree = "<group>";
		};
		DF293B432CD40B4800C9DC8A /* Utilities */ = {
			isa = PBXGroup;
			children = (
				DF293B442CD40B8F00C9DC8A /* ErrorMessage.swift */,
			);
			path = Utilities;
			sourceTree = "<group>";
		};
		DF293B672CD4278400C9DC8A /* Cells */ = {
			isa = PBXGroup;
			children = (
				DF293B682CD427A200C9DC8A /* FollowerCell.swift */,
			);
			path = Cells;
			sourceTree = "<group>";
		};
/* End PBXGroup section */

/* Begin PBXNativeTarget section */
		DF293B0D2CD2A8A300C9DC8A /* GHFollowers */ = {
			isa = PBXNativeTarget;
			buildConfigurationList = DF293B222CD2A8A600C9DC8A /* Build configuration list for PBXNativeTarget "GHFollowers" */;
			buildPhases = (
				DF293B0A2CD2A8A300C9DC8A /* Sources */,
				DF293B0B2CD2A8A300C9DC8A /* Frameworks */,
				DF293B0C2CD2A8A300C9DC8A /* Resources */,
			);
			buildRules = (
			);
			dependencies = (
			);
			name = GHFollowers;
			productName = GHFollowers;
			productReference = DF293B0E2CD2A8A300C9DC8A /* GHFollowers.app */;
			productType = "com.apple.product-type.application";
		};
/* End PBXNativeTarget section */

/* Begin PBXProject section */
		DF293B062CD2A8A300C9DC8A /* Project object */ = {
			isa = PBXProject;
			attributes = {
				BuildIndependentTargetsInParallel = 1;
				LastSwiftUpdateCheck = 1540;
				LastUpgradeCheck = 1540;
				TargetAttributes = {
					DF293B0D2CD2A8A300C9DC8A = {
						CreatedOnToolsVersion = 15.4;
					};
				};
			};
			buildConfigurationList = DF293B092CD2A8A300C9DC8A /* Build configuration list for PBXProject "GHFollowers" */;
			compatibilityVersion = "Xcode 14.0";
			developmentRegion = en;
			hasScannedForEncodings = 0;
			knownRegions = (
				en,
				Base,
			);
			mainGroup = DF293B052CD2A8A300C9DC8A;
			productRefGroup = DF293B0F2CD2A8A300C9DC8A /* Products */;
			projectDirPath = "";
			projectRoot = "";
			targets = (
				DF293B0D2CD2A8A300C9DC8A /* GHFollowers */,
			);
		};
/* End PBXProject section */

/* Begin PBXResourcesBuildPhase section */
		DF293B0C2CD2A8A300C9DC8A /* Resources */ = {
			isa = PBXResourcesBuildPhase;
			buildActionMask = 2147483647;
			files = (
				DF293B1B2CD2A8A600C9DC8A /* Assets.xcassets in Resources */,
				DF293B1E2CD2A8A600C9DC8A /* Base in Resources */,
			);
			runOnlyForDeploymentPostprocessing = 0;
		};
/* End PBXResourcesBuildPhase section */

/* Begin PBXSourcesBuildPhase section */
		DF293B0A2CD2A8A300C9DC8A /* Sources */ = {
			isa = PBXSourcesBuildPhase;
			buildActionMask = 2147483647;
			files = (
				DF293B3F2CD2DD4100C9DC8A /* User.swift in Sources */,
				DF293B2C2CD2B52C00C9DC8A /* GFTextField.swift in Sources */,
				DF293B262CD2AF0400C9DC8A /* SearchVC.swift in Sources */,
				DF293B2A2CD2B32800C9DC8A /* GFButton.swift in Sources */,
				DF293B362CD2D84300C9DC8A /* UIViewController+Ext.swift in Sources */,
				DF293B6B2CD4280A00C9DC8A /* GFAvatarImageView.swift in Sources */,
				DF293B122CD2A8A300C9DC8A /* AppDelegate.swift in Sources */,
				DF293B342CD2D39800C9DC8A /* GFAlertVC.swift in Sources */,
				DF293B692CD427A200C9DC8A /* FollowerCell.swift in Sources */,
				DF293B452CD40B8F00C9DC8A /* ErrorMessage.swift in Sources */,
				DF293B322CD2CCD400C9DC8A /* GFBodyLabel.swift in Sources */,
				DF293B3D2CD2DCC700C9DC8A /* Follower.swift in Sources */,
				DF293B302CD2CBB500C9DC8A /* GFTitleLabel.swift in Sources */,
				DF293B422CD2E58800C9DC8A /* NetworkManager.swift in Sources */,
				DF293B282CD2AF3B00C9DC8A /* FavouritesListVC.swift in Sources */,
				DF293B2E2CD2C20000C9DC8A /* FollowerLIstVC.swift in Sources */,
				DF293B142CD2A8A300C9DC8A /* SceneDelegate.swift in Sources */,
			);
			runOnlyForDeploymentPostprocessing = 0;
		};
/* End PBXSourcesBuildPhase section */

/* Begin PBXVariantGroup section */
		DF293B1C2CD2A8A600C9DC8A /* LaunchScreen.storyboard */ = {
			isa = PBXVariantGroup;
			children = (
				DF293B1D2CD2A8A600C9DC8A /* Base */,
			);
			name = LaunchScreen.storyboard;
			sourceTree = "<group>";
		};
/* End PBXVariantGroup section */

/* Begin XCBuildConfiguration section */
		DF293B202CD2A8A600C9DC8A /* Debug */ = {
			isa = XCBuildConfiguration;
			buildSettings = {
				ALWAYS_SEARCH_USER_PATHS = NO;
				ASSETCATALOG_COMPILER_GENERATE_SWIFT_ASSET_SYMBOL_EXTENSIONS = YES;
				CLANG_ANALYZER_NONNULL = YES;
				CLANG_ANALYZER_NUMBER_OBJECT_CONVERSION = YES_AGGRESSIVE;
				CLANG_CXX_LANGUAGE_STANDARD = "gnu++20";
				CLANG_ENABLE_MODULES = YES;
				CLANG_ENABLE_OBJC_ARC = YES;
				CLANG_ENABLE_OBJC_WEAK = YES;
				CLANG_WARN_BLOCK_CAPTURE_AUTORELEASING = YES;
				CLANG_WARN_BOOL_CONVERSION = YES;
				CLANG_WARN_COMMA = YES;
				CLANG_WARN_CONSTANT_CONVERSION = YES;
				CLANG_WARN_DEPRECATED_OBJC_IMPLEMENTATIONS = YES;
				CLANG_WARN_DIRECT_OBJC_ISA_USAGE = YES_ERROR;
				CLANG_WARN_DOCUMENTATION_COMMENTS = YES;
				CLANG_WARN_EMPTY_BODY = YES;
				CLANG_WARN_ENUM_CONVERSION = YES;
				CLANG_WARN_INFINITE_RECURSION = YES;
				CLANG_WARN_INT_CONVERSION = YES;
				CLANG_WARN_NON_LITERAL_NULL_CONVERSION = YES;
				CLANG_WARN_OBJC_IMPLICIT_RETAIN_SELF = YES;
				CLANG_WARN_OBJC_LITERAL_CONVERSION = YES;
				CLANG_WARN_OBJC_ROOT_CLASS = YES_ERROR;
				CLANG_WARN_QUOTED_INCLUDE_IN_FRAMEWORK_HEADER = YES;
				CLANG_WARN_RANGE_LOOP_ANALYSIS = YES;
				CLANG_WARN_STRICT_PROTOTYPES = YES;
				CLANG_WARN_SUSPICIOUS_MOVE = YES;
				CLANG_WARN_UNGUARDED_AVAILABILITY = YES_AGGRESSIVE;
				CLANG_WARN_UNREACHABLE_CODE = YES;
				CLANG_WARN__DUPLICATE_METHOD_MATCH = YES;
				COPY_PHASE_STRIP = NO;
				DEBUG_INFORMATION_FORMAT = dwarf;
				ENABLE_STRICT_OBJC_MSGSEND = YES;
				ENABLE_TESTABILITY = YES;
				ENABLE_USER_SCRIPT_SANDBOXING = YES;
				GCC_C_LANGUAGE_STANDARD = gnu17;
				GCC_DYNAMIC_NO_PIC = NO;
				GCC_NO_COMMON_BLOCKS = YES;
				GCC_OPTIMIZATION_LEVEL = 0;
				GCC_PREPROCESSOR_DEFINITIONS = (
					"DEBUG=1",
					"$(inherited)",
				);
				GCC_WARN_64_TO_32_BIT_CONVERSION = YES;
				GCC_WARN_ABOUT_RETURN_TYPE = YES_ERROR;
				GCC_WARN_UNDECLARED_SELECTOR = YES;
				GCC_WARN_UNINITIALIZED_AUTOS = YES_AGGRESSIVE;
				GCC_WARN_UNUSED_FUNCTION = YES;
				GCC_WARN_UNUSED_VARIABLE = YES;
				IPHONEOS_DEPLOYMENT_TARGET = 17.5;
				LOCALIZATION_PREFERS_STRING_CATALOGS = YES;
				MTL_ENABLE_DEBUG_INFO = INCLUDE_SOURCE;
				MTL_FAST_MATH = YES;
				ONLY_ACTIVE_ARCH = YES;
				SDKROOT = iphoneos;
				SWIFT_ACTIVE_COMPILATION_CONDITIONS = "DEBUG $(inherited)";
				SWIFT_OPTIMIZATION_LEVEL = "-Onone";
			};
			name = Debug;
		};
		DF293B212CD2A8A600C9DC8A /* Release */ = {
			isa = XCBuildConfiguration;
			buildSettings = {
				ALWAYS_SEARCH_USER_PATHS = NO;
				ASSETCATALOG_COMPILER_GENERATE_SWIFT_ASSET_SYMBOL_EXTENSIONS = YES;
				CLANG_ANALYZER_NONNULL = YES;
				CLANG_ANALYZER_NUMBER_OBJECT_CONVERSION = YES_AGGRESSIVE;
				CLANG_CXX_LANGUAGE_STANDARD = "gnu++20";
				CLANG_ENABLE_MODULES = YES;
				CLANG_ENABLE_OBJC_ARC = YES;
				CLANG_ENABLE_OBJC_WEAK = YES;
				CLANG_WARN_BLOCK_CAPTURE_AUTORELEASING = YES;
				CLANG_WARN_BOOL_CONVERSION = YES;
				CLANG_WARN_COMMA = YES;
				CLANG_WARN_CONSTANT_CONVERSION = YES;
				CLANG_WARN_DEPRECATED_OBJC_IMPLEMENTATIONS = YES;
				CLANG_WARN_DIRECT_OBJC_ISA_USAGE = YES_ERROR;
				CLANG_WARN_DOCUMENTATION_COMMENTS = YES;
				CLANG_WARN_EMPTY_BODY = YES;
				CLANG_WARN_ENUM_CONVERSION = YES;
				CLANG_WARN_INFINITE_RECURSION = YES;
				CLANG_WARN_INT_CONVERSION = YES;
				CLANG_WARN_NON_LITERAL_NULL_CONVERSION = YES;
				CLANG_WARN_OBJC_IMPLICIT_RETAIN_SELF = YES;
				CLANG_WARN_OBJC_LITERAL_CONVERSION = YES;
				CLANG_WARN_OBJC_ROOT_CLASS = YES_ERROR;
				CLANG_WARN_QUOTED_INCLUDE_IN_FRAMEWORK_HEADER = YES;
				CLANG_WARN_RANGE_LOOP_ANALYSIS = YES;
				CLANG_WARN_STRICT_PROTOTYPES = YES;
				CLANG_WARN_SUSPICIOUS_MOVE = YES;
				CLANG_WARN_UNGUARDED_AVAILABILITY = YES_AGGRESSIVE;
				CLANG_WARN_UNREACHABLE_CODE = YES;
				CLANG_WARN__DUPLICATE_METHOD_MATCH = YES;
				COPY_PHASE_STRIP = NO;
				DEBUG_INFORMATION_FORMAT = "dwarf-with-dsym";
				ENABLE_NS_ASSERTIONS = NO;
				ENABLE_STRICT_OBJC_MSGSEND = YES;
				ENABLE_USER_SCRIPT_SANDBOXING = YES;
				GCC_C_LANGUAGE_STANDARD = gnu17;
				GCC_NO_COMMON_BLOCKS = YES;
				GCC_WARN_64_TO_32_BIT_CONVERSION = YES;
				GCC_WARN_ABOUT_RETURN_TYPE = YES_ERROR;
				GCC_WARN_UNDECLARED_SELECTOR = YES;
				GCC_WARN_UNINITIALIZED_AUTOS = YES_AGGRESSIVE;
				GCC_WARN_UNUSED_FUNCTION = YES;
				GCC_WARN_UNUSED_VARIABLE = YES;
				IPHONEOS_DEPLOYMENT_TARGET = 17.5;
				LOCALIZATION_PREFERS_STRING_CATALOGS = YES;
				MTL_ENABLE_DEBUG_INFO = NO;
				MTL_FAST_MATH = YES;
				SDKROOT = iphoneos;
				SWIFT_COMPILATION_MODE = wholemodule;
				VALIDATE_PRODUCT = YES;
			};
			name = Release;
		};
		DF293B232CD2A8A600C9DC8A /* Debug */ = {
			isa = XCBuildConfiguration;
			buildSettings = {
				ASSETCATALOG_COMPILER_APPICON_NAME = AppIcon;
				ASSETCATALOG_COMPILER_GLOBAL_ACCENT_COLOR_NAME = AccentColor;
				CODE_SIGN_STYLE = Automatic;
				CURRENT_PROJECT_VERSION = 1;
				GENERATE_INFOPLIST_FILE = YES;
				INFOPLIST_FILE = GHFollowers/Info.plist;
				INFOPLIST_KEY_UIApplicationSupportsIndirectInputEvents = YES;
				INFOPLIST_KEY_UILaunchStoryboardName = LaunchScreen;
				INFOPLIST_KEY_UISupportedInterfaceOrientations = UIInterfaceOrientationPortrait;
				LD_RUNPATH_SEARCH_PATHS = (
					"$(inherited)",
					"@executable_path/Frameworks",
				);
				MARKETING_VERSION = 1.0;
				PRODUCT_BUNDLE_IDENTIFIER = HassanFazal.GHFollowers;
				PRODUCT_NAME = "$(TARGET_NAME)";
				SWIFT_EMIT_LOC_STRINGS = YES;
				SWIFT_VERSION = 5.0;
				TARGETED_DEVICE_FAMILY = "1,2";
			};
			name = Debug;
		};
		DF293B242CD2A8A600C9DC8A /* Release */ = {
			isa = XCBuildConfiguration;
			buildSettings = {
				ASSETCATALOG_COMPILER_APPICON_NAME = AppIcon;
				ASSETCATALOG_COMPILER_GLOBAL_ACCENT_COLOR_NAME = AccentColor;
				CODE_SIGN_STYLE = Automatic;
				CURRENT_PROJECT_VERSION = 1;
				GENERATE_INFOPLIST_FILE = YES;
				INFOPLIST_FILE = GHFollowers/Info.plist;
				INFOPLIST_KEY_UIApplicationSupportsIndirectInputEvents = YES;
				INFOPLIST_KEY_UILaunchStoryboardName = LaunchScreen;
				INFOPLIST_KEY_UISupportedInterfaceOrientations = UIInterfaceOrientationPortrait;
				LD_RUNPATH_SEARCH_PATHS = (
					"$(inherited)",
					"@executable_path/Frameworks",
				);
				MARKETING_VERSION = 1.0;
				PRODUCT_BUNDLE_IDENTIFIER = HassanFazal.GHFollowers;
				PRODUCT_NAME = "$(TARGET_NAME)";
				SWIFT_EMIT_LOC_STRINGS = YES;
				SWIFT_VERSION = 5.0;
				TARGETED_DEVICE_FAMILY = "1,2";
			};
			name = Release;
		};
/* End XCBuildConfiguration section */

/* Begin XCConfigurationList section */
		DF293B092CD2A8A300C9DC8A /* Build configuration list for PBXProject "GHFollowers" */ = {
			isa = XCConfigurationList;
			buildConfigurations = (
				DF293B202CD2A8A600C9DC8A /* Debug */,
				DF293B212CD2A8A600C9DC8A /* Release */,
			);
			defaultConfigurationIsVisible = 0;
			defaultConfigurationName = Release;
		};
		DF293B222CD2A8A600C9DC8A /* Build configuration list for PBXNativeTarget "GHFollowers" */ = {
			isa = XCConfigurationList;
			buildConfigurations = (
				DF293B232CD2A8A600C9DC8A /* Debug */,
				DF293B242CD2A8A600C9DC8A /* Release */,
			);
			defaultConfigurationIsVisible = 0;
			defaultConfigurationName = Release;
		};
/* End XCConfigurationList section */
	};
	rootObject = DF293B062CD2A8A300C9DC8A /* Project object */;
}
